
Microsoft Visual Studio Solution File, Format Version 12.00
# Visual Studio Version 17
VisualStudioVersion = 17.5.33414.496
MinimumVisualStudioVersion = 10.0.40219.1
Project("{FAE04EC0-301F-11D3-BF4B-00C04F79EFBC}") = "ATM Console App", "ATM Console App\ATM Console App.csproj", "{B34D4F89-69FE-4024-AB96-C3FB1D0B98D2}"
EndProject
Global
	GlobalSection(SolutionConfigurationPlatforms) = preSolution
		Debug|Any CPU = Debug|Any CPU
		Release|Any CPU = Release|Any CPU
	EndGlobalSection
	GlobalSection(ProjectConfigurationPlatforms) = postSolution
		{B34D4F89-69FE-4024-AB96-C3FB1D0B98D2}.Debug|Any CPU.ActiveCfg = Debug|Any CPU
		{B34D4F89-69FE-4024-AB96-C3FB1D0B98D2}.Debug|Any CPU.Build.0 = Debug|Any CPU
		{B34D4F89-69FE-4024-AB96-C3FB1D0B98D2}.Release|Any CPU.ActiveCfg = Release|Any CPU
		{B34D4F89-69FE-4024-AB96-C3FB1D0B98D2}.Release|Any CPU.Build.0 = Release|Any CPU
	EndGlobalSection
	GlobalSection(SolutionProperties) = preSolution
		HideSolutionNode = FALSE
	EndGlobalSection
	GlobalSection(ExtensibilityGlobals) = postSolution
		SolutionGuid = {1D1B2576-3089-4100-B47B-C800B97B62E5}
	EndGlobalSection
EndGlobal
